// !$*UTF8*$!
{
	archiveVersion = 1;
	classes = {
	};
	objectVersion = 46;
	objects = {

/* Begin PBXBuildFile section */
		5045BD111CDED11500A8A0FA /* AppDelegate.swift in Sources */ = {isa = PBXBuildFile; fileRef = 5045BD101CDED11500A8A0FA /* AppDelegate.swift */; };
		5045BD131CDED11500A8A0FA /* ViewController.swift in Sources */ = {isa = PBXBuildFile; fileRef = 5045BD121CDED11500A8A0FA /* ViewController.swift */; };
		5045BD161CDED11500A8A0FA /* Main.storyboard in Resources */ = {isa = PBXBuildFile; fileRef = 5045BD141CDED11500A8A0FA /* Main.storyboard */; };
		5045BD181CDED11500A8A0FA /* Assets.xcassets in Resources */ = {isa = PBXBuildFile; fileRef = 5045BD171CDED11500A8A0FA /* Assets.xcassets */; };
		5045BD1B1CDED11500A8A0FA /* LaunchScreen.storyboard in Resources */ = {isa = PBXBuildFile; fileRef = 5045BD191CDED11500A8A0FA /* LaunchScreen.storyboard */; };
		5045BD261CDED11500A8A0FA /* MoltonfTests.swift in Sources */ = {isa = PBXBuildFile; fileRef = 5045BD251CDED11500A8A0FA /* MoltonfTests.swift */; };
		5045BD311CDEDE2B00A8A0FA /* RxBlocking.framework in Frameworks */ = {isa = PBXBuildFile; fileRef = 5045BD301CDEDE2A00A8A0FA /* RxBlocking.framework */; };
		5045BD331CDEDE2E00A8A0FA /* RxCocoa.framework in Frameworks */ = {isa = PBXBuildFile; fileRef = 5045BD321CDEDE2E00A8A0FA /* RxCocoa.framework */; };
		5045BD351CDEDE3200A8A0FA /* RxSwift.framework in Frameworks */ = {isa = PBXBuildFile; fileRef = 5045BD341CDEDE3200A8A0FA /* RxSwift.framework */; };
		5045BD371CDEDE3600A8A0FA /* RxTests.framework in Frameworks */ = {isa = PBXBuildFile; fileRef = 5045BD361CDEDE3600A8A0FA /* RxTests.framework */; };
/* End PBXBuildFile section */

/* Begin PBXContainerItemProxy section */
		5045BD221CDED11500A8A0FA /* PBXContainerItemProxy */ = {
			isa = PBXContainerItemProxy;
			containerPortal = 5045BD051CDED11400A8A0FA /* Project object */;
			proxyType = 1;
			remoteGlobalIDString = 5045BD0C1CDED11400A8A0FA;
			remoteInfo = Moltonf;
		};
/* End PBXContainerItemProxy section */

/* Begin PBXFileReference section */
		5045BD0D1CDED11400A8A0FA /* Moltonf.app */ = {isa = PBXFileReference; explicitFileType = wrapper.application; includeInIndex = 0; path = Moltonf.app; sourceTree = BUILT_PRODUCTS_DIR; };
		5045BD101CDED11500A8A0FA /* AppDelegate.swift */ = {isa = PBXFileReference; lastKnownFileType = sourcecode.swift; path = AppDelegate.swift; sourceTree = "<group>"; };
		5045BD121CDED11500A8A0FA /* ViewController.swift */ = {isa = PBXFileReference; lastKnownFileType = sourcecode.swift; path = ViewController.swift; sourceTree = "<group>"; };
		5045BD151CDED11500A8A0FA /* Base */ = {isa = PBXFileReference; lastKnownFileType = file.storyboard; name = Base; path = Base.lproj/Main.storyboard; sourceTree = "<group>"; };
		5045BD171CDED11500A8A0FA /* Assets.xcassets */ = {isa = PBXFileReference; lastKnownFileType = folder.assetcatalog; path = Assets.xcassets; sourceTree = "<group>"; };
		5045BD1A1CDED11500A8A0FA /* Base */ = {isa = PBXFileReference; lastKnownFileType = file.storyboard; name = Base; path = Base.lproj/LaunchScreen.storyboard; sourceTree = "<group>"; };
		5045BD1C1CDED11500A8A0FA /* Info.plist */ = {isa = PBXFileReference; lastKnownFileType = text.plist.xml; path = Info.plist; sourceTree = "<group>"; };
		5045BD211CDED11500A8A0FA /* MoltonfTests.xctest */ = {isa = PBXFileReference; explicitFileType = wrapper.cfbundle; includeInIndex = 0; path = MoltonfTests.xctest; sourceTree = BUILT_PRODUCTS_DIR; };
		5045BD251CDED11500A8A0FA /* MoltonfTests.swift */ = {isa = PBXFileReference; lastKnownFileType = sourcecode.swift; path = MoltonfTests.swift; sourceTree = "<group>"; };
		5045BD271CDED11500A8A0FA /* Info.plist */ = {isa = PBXFileReference; lastKnownFileType = text.plist.xml; path = Info.plist; sourceTree = "<group>"; };
		5045BD301CDEDE2A00A8A0FA /* RxBlocking.framework */ = {isa = PBXFileReference; lastKnownFileType = wrapper.framework; name = RxBlocking.framework; path = Carthage/Build/iOS/RxBlocking.framework; sourceTree = "<group>"; };
		5045BD321CDEDE2E00A8A0FA /* RxCocoa.framework */ = {isa = PBXFileReference; lastKnownFileType = wrapper.framework; name = RxCocoa.framework; path = Carthage/Build/iOS/RxCocoa.framework; sourceTree = "<group>"; };
		5045BD341CDEDE3200A8A0FA /* RxSwift.framework */ = {isa = PBXFileReference; lastKnownFileType = wrapper.framework; name = RxSwift.framework; path = Carthage/Build/iOS/RxSwift.framework; sourceTree = "<group>"; };
		5045BD361CDEDE3600A8A0FA /* RxTests.framework */ = {isa = PBXFileReference; lastKnownFileType = wrapper.framework; name = RxTests.framework; path = Carthage/Build/iOS/RxTests.framework; sourceTree = "<group>"; };
/* End PBXFileReference section */

/* Begin PBXFrameworksBuildPhase section */
		5045BD0A1CDED11400A8A0FA /* Frameworks */ = {
			isa = PBXFrameworksBuildPhase;
			buildActionMask = 2147483647;
			files = (
				5045BD311CDEDE2B00A8A0FA /* RxBlocking.framework in Frameworks */,
				5045BD331CDEDE2E00A8A0FA /* RxCocoa.framework in Frameworks */,
				5045BD351CDEDE3200A8A0FA /* RxSwift.framework in Frameworks */,
				5045BD371CDEDE3600A8A0FA /* RxTests.framework in Frameworks */,
			);
			runOnlyForDeploymentPostprocessing = 0;
		};
		5045BD1E1CDED11500A8A0FA /* Frameworks */ = {
			isa = PBXFrameworksBuildPhase;
			buildActionMask = 2147483647;
			files = (
			);
			runOnlyForDeploymentPostprocessing = 0;
		};
/* End PBXFrameworksBuildPhase section */

/* Begin PBXGroup section */
		5045BD041CDED11400A8A0FA = {
			isa = PBXGroup;
			children = (
				5045BD0F1CDED11500A8A0FA /* Moltonf */,
				5045BD241CDED11500A8A0FA /* MoltonfTests */,
				5045BD381CDEDF8300A8A0FA /* Frameworks */,
				5045BD0E1CDED11400A8A0FA /* Products */,
			);
			sourceTree = "<group>";
		};
		5045BD0E1CDED11400A8A0FA /* Products */ = {
			isa = PBXGroup;
			children = (
				5045BD0D1CDED11400A8A0FA /* Moltonf.app */,
				5045BD211CDED11500A8A0FA /* MoltonfTests.xctest */,
			);
			name = Products;
			sourceTree = "<group>";
		};
		5045BD0F1CDED11500A8A0FA /* Moltonf */ = {
			isa = PBXGroup;
			children = (
				5045BD101CDED11500A8A0FA /* AppDelegate.swift */,
				5045BD121CDED11500A8A0FA /* ViewController.swift */,
				5045BD141CDED11500A8A0FA /* Main.storyboard */,
				5045BD171CDED11500A8A0FA /* Assets.xcassets */,
				5045BD191CDED11500A8A0FA /* LaunchScreen.storyboard */,
				5045BD1C1CDED11500A8A0FA /* Info.plist */,
			);
			path = Moltonf;
			sourceTree = "<group>";
		};
		5045BD241CDED11500A8A0FA /* MoltonfTests */ = {
			isa = PBXGroup;
			children = (
				5045BD251CDED11500A8A0FA /* MoltonfTests.swift */,
				5045BD271CDED11500A8A0FA /* Info.plist */,
			);
			path = MoltonfTests;
			sourceTree = "<group>";
		};
		5045BD381CDEDF8300A8A0FA /* Frameworks */ = {
			isa = PBXGroup;
			children = (
				5045BD341CDEDE3200A8A0FA /* RxSwift.framework */,
				5045BD321CDEDE2E00A8A0FA /* RxCocoa.framework */,
				5045BD301CDEDE2A00A8A0FA /* RxBlocking.framework */,
				5045BD361CDEDE3600A8A0FA /* RxTests.framework */,
			);
			name = Frameworks;
			sourceTree = "<group>";
		};
/* End PBXGroup section */

/* Begin PBXNativeTarget section */
		5045BD0C1CDED11400A8A0FA /* Moltonf */ = {
			isa = PBXNativeTarget;
			buildConfigurationList = 5045BD2A1CDED11500A8A0FA /* Build configuration list for PBXNativeTarget "Moltonf" */;
			buildPhases = (
				5045BD091CDED11400A8A0FA /* Sources */,
				5045BD0A1CDED11400A8A0FA /* Frameworks */,
				5045BD0B1CDED11400A8A0FA /* Resources */,
				5045BD391CDEDFAD00A8A0FA /* ShellScript */,
			);
			buildRules = (
			);
			dependencies = (
			);
			name = Moltonf;
			productName = Moltonf;
			productReference = 5045BD0D1CDED11400A8A0FA /* Moltonf.app */;
			productType = "com.apple.product-type.application";
		};
		5045BD201CDED11500A8A0FA /* MoltonfTests */ = {
			isa = PBXNativeTarget;
			buildConfigurationList = 5045BD2D1CDED11500A8A0FA /* Build configuration list for PBXNativeTarget "MoltonfTests" */;
			buildPhases = (
				5045BD1D1CDED11500A8A0FA /* Sources */,
				5045BD1E1CDED11500A8A0FA /* Frameworks */,
				5045BD1F1CDED11500A8A0FA /* Resources */,
			);
			buildRules = (
			);
			dependencies = (
				5045BD231CDED11500A8A0FA /* PBXTargetDependency */,
			);
			name = MoltonfTests;
			productName = MoltonfTests;
			productReference = 5045BD211CDED11500A8A0FA /* MoltonfTests.xctest */;
			productType = "com.apple.product-type.bundle.unit-test";
		};
/* End PBXNativeTarget section */

/* Begin PBXProject section */
		5045BD051CDED11400A8A0FA /* Project object */ = {
			isa = PBXProject;
			attributes = {
				LastSwiftUpdateCheck = 0730;
				LastUpgradeCheck = 0730;
				ORGANIZATIONNAME = hironytic;
				TargetAttributes = {
					5045BD0C1CDED11400A8A0FA = {
						CreatedOnToolsVersion = 7.3.1;
					};
					5045BD201CDED11500A8A0FA = {
						CreatedOnToolsVersion = 7.3.1;
						TestTargetID = 5045BD0C1CDED11400A8A0FA;
					};
				};
			};
			buildConfigurationList = 5045BD081CDED11400A8A0FA /* Build configuration list for PBXProject "Moltonf" */;
			compatibilityVersion = "Xcode 3.2";
			developmentRegion = English;
			hasScannedForEncodings = 0;
			knownRegions = (
				en,
				Base,
			);
			mainGroup = 5045BD041CDED11400A8A0FA;
			productRefGroup = 5045BD0E1CDED11400A8A0FA /* Products */;
			projectDirPath = "";
			projectRoot = "";
			targets = (
				5045BD0C1CDED11400A8A0FA /* Moltonf */,
				5045BD201CDED11500A8A0FA /* MoltonfTests */,
			);
		};
/* End PBXProject section */

/* Begin PBXResourcesBuildPhase section */
		5045BD0B1CDED11400A8A0FA /* Resources */ = {
			isa = PBXResourcesBuildPhase;
			buildActionMask = 2147483647;
			files = (
				5045BD1B1CDED11500A8A0FA /* LaunchScreen.storyboard in Resources */,
				5045BD181CDED11500A8A0FA /* Assets.xcassets in Resources */,
				5045BD161CDED11500A8A0FA /* Main.storyboard in Resources */,
			);
			runOnlyForDeploymentPostprocessing = 0;
		};
		5045BD1F1CDED11500A8A0FA /* Resources */ = {
			isa = PBXResourcesBuildPhase;
			buildActionMask = 2147483647;
			files = (
			);
			runOnlyForDeploymentPostprocessing = 0;
		};
/* End PBXResourcesBuildPhase section */

/* Begin PBXShellScriptBuildPhase section */
		5045BD391CDEDFAD00A8A0FA /* ShellScript */ = {
			isa = PBXShellScriptBuildPhase;
			buildActionMask = 2147483647;
			files = (
			);
			inputPaths = (
				"$(SRCROOT)/Carthage/Build/iOS/RxSwift.framework",
				"$(SRCROOT)/Carthage/Build/iOS/RxCocoa.framework",
				"$(SRCROOT)/Carthage/Build/iOS/RxBlocking.framework",
				"$(SRCROOT)/Carthage/Build/iOS/RxTests.framework",
			);
			outputPaths = (
			);
			runOnlyForDeploymentPostprocessing = 0;
			shellPath = /bin/sh;
			shellScript = "/usr/local/bin/carthage copy-frameworks";
		};
/* End PBXShellScriptBuildPhase section */

/* Begin PBXSourcesBuildPhase section */
		5045BD091CDED11400A8A0FA /* Sources */ = {
			isa = PBXSourcesBuildPhase;
			buildActionMask = 2147483647;
			files = (
				5045BD131CDED11500A8A0FA /* ViewController.swift in Sources */,
				5045BD111CDED11500A8A0FA /* AppDelegate.swift in Sources */,
			);
			runOnlyForDeploymentPostprocessing = 0;
		};
		5045BD1D1CDED11500A8A0FA /* Sources */ = {
			isa = PBXSourcesBuildPhase;
			buildActionMask = 2147483647;
			files = (
				5045BD261CDED11500A8A0FA /* MoltonfTests.swift in Sources */,
			);
			runOnlyForDeploymentPostprocessing = 0;
		};
/* End PBXSourcesBuildPhase section */

/* Begin PBXTargetDependency section */
		5045BD231CDED11500A8A0FA /* PBXTargetDependency */ = {
			isa = PBXTargetDependency;
			target = 5045BD0C1CDED11400A8A0FA /* Moltonf */;
			targetProxy = 5045BD221CDED11500A8A0FA /* PBXContainerItemProxy */;
		};
/* End PBXTargetDependency section */

/* Begin PBXVariantGroup section */
		5045BD141CDED11500A8A0FA /* Main.storyboard */ = {
			isa = PBXVariantGroup;
			children = (
				5045BD151CDED11500A8A0FA /* Base */,
			);
			name = Main.storyboard;
			sourceTree = "<group>";
		};
		5045BD191CDED11500A8A0FA /* LaunchScreen.storyboard */ = {
			isa = PBXVariantGroup;
			children = (
				5045BD1A1CDED11500A8A0FA /* Base */,
			);
			name = LaunchScreen.storyboard;
			sourceTree = "<group>";
		};
/* End PBXVariantGroup section */

/* Begin XCBuildConfiguration section */
		5045BD281CDED11500A8A0FA /* Debug */ = {
			isa = XCBuildConfiguration;
			buildSettings = {
				ALWAYS_SEARCH_USER_PATHS = NO;
				CLANG_ANALYZER_NONNULL = YES;
				CLANG_CXX_LANGUAGE_STANDARD = "gnu++0x";
				CLANG_CXX_LIBRARY = "libc++";
				CLANG_ENABLE_MODULES = YES;
				CLANG_ENABLE_OBJC_ARC = YES;
				CLANG_WARN_BOOL_CONVERSION = YES;
				CLANG_WARN_CONSTANT_CONVERSION = YES;
				CLANG_WARN_DIRECT_OBJC_ISA_USAGE = YES_ERROR;
				CLANG_WARN_EMPTY_BODY = YES;
				CLANG_WARN_ENUM_CONVERSION = YES;
				CLANG_WARN_INT_CONVERSION = YES;
				CLANG_WARN_OBJC_ROOT_CLASS = YES_ERROR;
				CLANG_WARN_UNREACHABLE_CODE = YES;
				CLANG_WARN__DUPLICATE_METHOD_MATCH = YES;
				"CODE_SIGN_IDENTITY[sdk=iphoneos*]" = "iPhone Developer";
				COPY_PHASE_STRIP = NO;
				DEBUG_INFORMATION_FORMAT = dwarf;
				ENABLE_STRICT_OBJC_MSGSEND = YES;
				ENABLE_TESTABILITY = YES;
				GCC_C_LANGUAGE_STANDARD = gnu99;
				GCC_DYNAMIC_NO_PIC = NO;
				GCC_NO_COMMON_BLOCKS = YES;
				GCC_OPTIMIZATION_LEVEL = 0;
				GCC_PREPROCESSOR_DEFINITIONS = (
					"DEBUG=1",
					"$(inherited)",
				);
				GCC_WARN_64_TO_32_BIT_CONVERSION = YES;
				GCC_WARN_ABOUT_RETURN_TYPE = YES_ERROR;
				GCC_WARN_UNDECLARED_SELECTOR = YES;
				GCC_WARN_UNINITIALIZED_AUTOS = YES_AGGRESSIVE;
				GCC_WARN_UNUSED_FUNCTION = YES;
				GCC_WARN_UNUSED_VARIABLE = YES;
				IPHONEOS_DEPLOYMENT_TARGET = 9.3;
				MTL_ENABLE_DEBUG_INFO = YES;
				ONLY_ACTIVE_ARCH = YES;
				SDKROOT = iphoneos;
				SWIFT_OPTIMIZATION_LEVEL = "-Onone";
				TARGETED_DEVICE_FAMILY = "1,2";
			};
			name = Debug;
		};
		5045BD291CDED11500A8A0FA /* Release */ = {
			isa = XCBuildConfiguration;
			buildSettings = {
				ALWAYS_SEARCH_USER_PATHS = NO;
				CLANG_ANALYZER_NONNULL = YES;
				CLANG_CXX_LANGUAGE_STANDARD = "gnu++0x";
				CLANG_CXX_LIBRARY = "libc++";
				CLANG_ENABLE_MODULES = YES;
				CLANG_ENABLE_OBJC_ARC = YES;
				CLANG_WARN_BOOL_CONVERSION = YES;
				CLANG_WARN_CONSTANT_CONVERSION = YES;
				CLANG_WARN_DIRECT_OBJC_ISA_USAGE = YES_ERROR;
				CLANG_WARN_EMPTY_BODY = YES;
				CLANG_WARN_ENUM_CONVERSION = YES;
				CLANG_WARN_INT_CONVERSION = YES;
				CLANG_WARN_OBJC_ROOT_CLASS = YES_ERROR;
				CLANG_WARN_UNREACHABLE_CODE = YES;
				CLANG_WARN__DUPLICATE_METHOD_MATCH = YES;
				"CODE_SIGN_IDENTITY[sdk=iphoneos*]" = "iPhone Developer";
				COPY_PHASE_STRIP = NO;
				DEBUG_INFORMATION_FORMAT = "dwarf-with-dsym";
				ENABLE_NS_ASSERTIONS = NO;
				ENABLE_STRICT_OBJC_MSGSEND = YES;
				GCC_C_LANGUAGE_STANDARD = gnu99;
				GCC_NO_COMMON_BLOCKS = YES;
				GCC_WARN_64_TO_32_BIT_CONVERSION = YES;
				GCC_WARN_ABOUT_RETURN_TYPE = YES_ERROR;
				GCC_WARN_UNDECLARED_SELECTOR = YES;
				GCC_WARN_UNINITIALIZED_AUTOS = YES_AGGRESSIVE;
				GCC_WARN_UNUSED_FUNCTION = YES;
				GCC_WARN_UNUSED_VARIABLE = YES;
				IPHONEOS_DEPLOYMENT_TARGET = 9.3;
				MTL_ENABLE_DEBUG_INFO = NO;
				SDKROOT = iphoneos;
				TARGETED_DEVICE_FAMILY = "1,2";
				VALIDATE_PRODUCT = YES;
			};
			name = Release;
		};
		5045BD2B1CDED11500A8A0FA /* Debug */ = {
			isa = XCBuildConfiguration;
			buildSettings = {
				ASSETCATALOG_COMPILER_APPICON_NAME = AppIcon;
				FRAMEWORK_SEARCH_PATHS = (
					"$(inherited)",
					"$(PROJECT_DIR)/Carthage/Build/iOS",
				);
				INFOPLIST_FILE = Moltonf/Info.plist;
				LD_RUNPATH_SEARCH_PATHS = "$(inherited) @executable_path/Frameworks";
				PRODUCT_BUNDLE_IDENTIFIER = com.hironytic.moltonfios;
				PRODUCT_NAME = "$(TARGET_NAME)";
			};
			name = Debug;
		};
		5045BD2C1CDED11500A8A0FA /* Release */ = {
			isa = XCBuildConfiguration;
			buildSettings = {
				ASSETCATALOG_COMPILER_APPICON_NAME = AppIcon;
				FRAMEWORK_SEARCH_PATHS = (
					"$(inherited)",
					"$(PROJECT_DIR)/Carthage/Build/iOS",
				);
				INFOPLIST_FILE = Moltonf/Info.plist;
				LD_RUNPATH_SEARCH_PATHS = "$(inherited) @executable_path/Frameworks";
				PRODUCT_BUNDLE_IDENTIFIER = com.hironytic.moltonfios;
				PRODUCT_NAME = "$(TARGET_NAME)";
			};
			name = Release;
		};
		5045BD2E1CDED11500A8A0FA /* Debug */ = {
			isa = XCBuildConfiguration;
			buildSettings = {
				BUNDLE_LOADER = "$(TEST_HOST)";
				INFOPLIST_FILE = MoltonfTests/Info.plist;
				LD_RUNPATH_SEARCH_PATHS = "$(inherited) @executable_path/Frameworks @loader_path/Frameworks";
				PRODUCT_BUNDLE_IDENTIFIER = com.hironytic.MoltonfTests;
				PRODUCT_NAME = "$(TARGET_NAME)";
				TEST_HOST = "$(BUILT_PRODUCTS_DIR)/Moltonf.app/Moltonf";
			};
			name = Debug;
		};
		5045BD2F1CDED11500A8A0FA /* Release */ = {
			isa = XCBuildConfiguration;
			buildSettings = {
				BUNDLE_LOADER = "$(TEST_HOST)";
				INFOPLIST_FILE = MoltonfTests/Info.plist;
				LD_RUNPATH_SEARCH_PATHS = "$(inherited) @executable_path/Frameworks @loader_path/Frameworks";
				PRODUCT_BUNDLE_IDENTIFIER = com.hironytic.MoltonfTests;
				PRODUCT_NAME = "$(TARGET_NAME)";
				TEST_HOST = "$(BUILT_PRODUCTS_DIR)/Moltonf.app/Moltonf";
			};
			name = Release;
		};
/* End XCBuildConfiguration section */

/* Begin XCConfigurationList section */
		5045BD081CDED11400A8A0FA /* Build configuration list for PBXProject "Moltonf" */ = {
			isa = XCConfigurationList;
			buildConfigurations = (
				5045BD281CDED11500A8A0FA /* Debug */,
				5045BD291CDED11500A8A0FA /* Release */,
			);
			defaultConfigurationIsVisible = 0;
			defaultConfigurationName = Release;
		};
		5045BD2A1CDED11500A8A0FA /* Build configuration list for PBXNativeTarget "Moltonf" */ = {
			isa = XCConfigurationList;
			buildConfigurations = (
				5045BD2B1CDED11500A8A0FA /* Debug */,
				5045BD2C1CDED11500A8A0FA /* Release */,
			);
			defaultConfigurationIsVisible = 0;
			defaultConfigurationName = Release;
		};
		5045BD2D1CDED11500A8A0FA /* Build configuration list for PBXNativeTarget "MoltonfTests" */ = {
			isa = XCConfigurationList;
			buildConfigurations = (
				5045BD2E1CDED11500A8A0FA /* Debug */,
				5045BD2F1CDED11500A8A0FA /* Release */,
			);
			defaultConfigurationIsVisible = 0;
			defaultConfigurationName = Release;
		};
/* End XCConfigurationList section */
	};
	rootObject = 5045BD051CDED11400A8A0FA /* Project object */;
}
