// !$*UTF8*$!
{
	archiveVersion = 1;
	classes = {
	};
	objectVersion = 46;
	objects = {

/* Begin PBXBuildFile section */
		501F954B1CE61CA700628E29 /* ArchiveSchema.swift in Sources */ = {isa = PBXBuildFile; fileRef = 501F954A1CE61CA700628E29 /* ArchiveSchema.swift */; };
		501F954F1CE9B77E00628E29 /* XMLPullitic.framework in Frameworks */ = {isa = PBXBuildFile; fileRef = 501F954E1CE9B77E00628E29 /* XMLPullitic.framework */; };
		501F95511CEB440400628E29 /* ArchiveConstants.swift in Sources */ = {isa = PBXBuildFile; fileRef = 501F95501CEB440400628E29 /* ArchiveConstants.swift */; };
		5025EFE11CDF15A70032AD67 /* WorkspaceList.storyboard in Resources */ = {isa = PBXBuildFile; fileRef = 5025EFE01CDF15A70032AD67 /* WorkspaceList.storyboard */; };
		5025EFE31CDF16530032AD67 /* WorkspaceListViewController.swift in Sources */ = {isa = PBXBuildFile; fileRef = 5025EFE21CDF16530032AD67 /* WorkspaceListViewController.swift */; };
		5025EFE71CDF17470032AD67 /* WorkspaceListViewModel.swift in Sources */ = {isa = PBXBuildFile; fileRef = 5025EFE61CDF17470032AD67 /* WorkspaceListViewModel.swift */; };
		5025EFEA1CDF689E0032AD67 /* WorkspaceStore.swift in Sources */ = {isa = PBXBuildFile; fileRef = 5025EFE91CDF689E0032AD67 /* WorkspaceStore.swift */; };
		5025EFEC1CDF6F900032AD67 /* Message.swift in Sources */ = {isa = PBXBuildFile; fileRef = 5025EFEB1CDF6F900032AD67 /* Message.swift */; };
		5025EFEE1CDF7EFD0032AD67 /* MessageSlot.swift in Sources */ = {isa = PBXBuildFile; fileRef = 5025EFED1CDF7EFD0032AD67 /* MessageSlot.swift */; };
		5025EFF11CE0D50C0032AD67 /* ActionObserver.swift in Sources */ = {isa = PBXBuildFile; fileRef = 5025EFF01CE0D50C0032AD67 /* ActionObserver.swift */; };
		5025EFF31CE15FD30032AD67 /* TransitionMessage.swift in Sources */ = {isa = PBXBuildFile; fileRef = 5025EFF21CE15FD30032AD67 /* TransitionMessage.swift */; };
		5025EFF51CE160580032AD67 /* ViewModel.swift in Sources */ = {isa = PBXBuildFile; fileRef = 5025EFF41CE160580032AD67 /* ViewModel.swift */; };
		5025EFF71CE161470032AD67 /* SelectArchiveFileViewModel.swift in Sources */ = {isa = PBXBuildFile; fileRef = 5025EFF61CE161470032AD67 /* SelectArchiveFileViewModel.swift */; };
		5025EFF91CE1EFFB0032AD67 /* FileList.swift in Sources */ = {isa = PBXBuildFile; fileRef = 5025EFF81CE1EFFB0032AD67 /* FileList.swift */; };
		5025EFFB1CE1FEF70032AD67 /* SelectArchiveFile.storyboard in Resources */ = {isa = PBXBuildFile; fileRef = 5025EFFA1CE1FEF70032AD67 /* SelectArchiveFile.storyboard */; };
		5025EFFD1CE1FFD90032AD67 /* SelectArchiveFileListViewController.swift in Sources */ = {isa = PBXBuildFile; fileRef = 5025EFFC1CE1FFD90032AD67 /* SelectArchiveFileListViewController.swift */; };
		5025EFFF1CE2139B0032AD67 /* DismissingMessage.swift in Sources */ = {isa = PBXBuildFile; fileRef = 5025EFFE1CE2139B0032AD67 /* DismissingMessage.swift */; };
		503AC72A1CEDD8A500A379AB /* ArchiveToJSONTests.swift in Sources */ = {isa = PBXBuildFile; fileRef = 503AC7291CEDD8A500A379AB /* ArchiveToJSONTests.swift */; };
		503AC72C1CEDDCA700A379AB /* jin_wolff_00000.xml in Resources */ = {isa = PBXBuildFile; fileRef = 503AC72B1CEDDCA700A379AB /* jin_wolff_00000.xml */; };
		5045BD111CDED11500A8A0FA /* AppDelegate.swift in Sources */ = {isa = PBXBuildFile; fileRef = 5045BD101CDED11500A8A0FA /* AppDelegate.swift */; };
		5045BD181CDED11500A8A0FA /* Assets.xcassets in Resources */ = {isa = PBXBuildFile; fileRef = 5045BD171CDED11500A8A0FA /* Assets.xcassets */; };
		5045BD1B1CDED11500A8A0FA /* LaunchScreen.storyboard in Resources */ = {isa = PBXBuildFile; fileRef = 5045BD191CDED11500A8A0FA /* LaunchScreen.storyboard */; };
		5045BD331CDEDE2E00A8A0FA /* RxCocoa.framework in Frameworks */ = {isa = PBXBuildFile; fileRef = 5045BD321CDEDE2E00A8A0FA /* RxCocoa.framework */; };
		5045BD351CDEDE3200A8A0FA /* RxSwift.framework in Frameworks */ = {isa = PBXBuildFile; fileRef = 5045BD341CDEDE3200A8A0FA /* RxSwift.framework */; };
		504D703E1D37AEE5004DC566 /* TalkTests.swift in Sources */ = {isa = PBXBuildFile; fileRef = 504D703D1D37AEE5004DC566 /* TalkTests.swift */; };
		504D70401D39B981004DC566 /* PeriodTests.swift in Sources */ = {isa = PBXBuildFile; fileRef = 504D703F1D39B981004DC566 /* PeriodTests.swift */; };
		504D70421D39BFAC004DC566 /* StoryTests.swift in Sources */ = {isa = PBXBuildFile; fileRef = 504D70411D39BFAC004DC566 /* StoryTests.swift */; };
		504D70451D39CCCF004DC566 /* StoryWatching.swift in Sources */ = {isa = PBXBuildFile; fileRef = 504D70441D39CCCF004DC566 /* StoryWatching.swift */; };
		504D70471D3A0953004DC566 /* WorkspaceDB.swift in Sources */ = {isa = PBXBuildFile; fileRef = 504D70461D3A0953004DC566 /* WorkspaceDB.swift */; };
		504D70491D3A0C79004DC566 /* Synchronized.swift in Sources */ = {isa = PBXBuildFile; fileRef = 504D70481D3A0C79004DC566 /* Synchronized.swift */; };
		504D704C1D3B0D83004DC566 /* StoryWatchingViewModel.swift in Sources */ = {isa = PBXBuildFile; fileRef = 504D704B1D3B0D83004DC566 /* StoryWatchingViewModel.swift */; };
		504D704E1D3B3608004DC566 /* SelectPeriodViewModel.swift in Sources */ = {isa = PBXBuildFile; fileRef = 504D704D1D3B3608004DC566 /* SelectPeriodViewModel.swift */; };
		504D70501D3B362E004DC566 /* StoryEventViewModel.swift in Sources */ = {isa = PBXBuildFile; fileRef = 504D704F1D3B362E004DC566 /* StoryEventViewModel.swift */; };
		504D70521D3B3651004DC566 /* TalkViewModel.swift in Sources */ = {isa = PBXBuildFile; fileRef = 504D70511D3B3651004DC566 /* TalkViewModel.swift */; };
		504D70541D3B36D5004DC566 /* StoryElementViewModel.swift in Sources */ = {isa = PBXBuildFile; fileRef = 504D70531D3B36D5004DC566 /* StoryElementViewModel.swift */; };
		504D70571D3D050F004DC566 /* SelectPeriodViewModelTests.swift in Sources */ = {isa = PBXBuildFile; fileRef = 504D70561D3D050F004DC566 /* SelectPeriodViewModelTests.swift */; };
		504D70CF1D4057EB004DC566 /* FulfillObserver.swift in Sources */ = {isa = PBXBuildFile; fileRef = 504D70CE1D4057EB004DC566 /* FulfillObserver.swift */; };
		5052D3401D026301002B1A17 /* SwiftyJSON.framework in Frameworks */ = {isa = PBXBuildFile; fileRef = 5052D33F1D026301002B1A17 /* SwiftyJSON.framework */; };
		509C5C4D1D306FB00045B0AB /* Story.swift in Sources */ = {isa = PBXBuildFile; fileRef = 509C5C4C1D306FAF0045B0AB /* Story.swift */; };
		509C5C511D30F59E0045B0AB /* Avatar.swift in Sources */ = {isa = PBXBuildFile; fileRef = 509C5C501D30F59E0045B0AB /* Avatar.swift */; };
		509C5C531D30F99A0045B0AB /* StoryError.swift in Sources */ = {isa = PBXBuildFile; fileRef = 509C5C521D30F99A0045B0AB /* StoryError.swift */; };
		509C5C551D30FD6D0045B0AB /* PeriodType.swift in Sources */ = {isa = PBXBuildFile; fileRef = 509C5C541D30FD6D0045B0AB /* PeriodType.swift */; };
		509C5C571D31F5100045B0AB /* EventFamily.swift in Sources */ = {isa = PBXBuildFile; fileRef = 509C5C561D31F5100045B0AB /* EventFamily.swift */; };
		509C5C591D31F61B0045B0AB /* Period.swift in Sources */ = {isa = PBXBuildFile; fileRef = 509C5C581D31F61B0045B0AB /* Period.swift */; };
		509C5C5B1D31F7A10045B0AB /* StoryElement.swift in Sources */ = {isa = PBXBuildFile; fileRef = 509C5C5A1D31F7A10045B0AB /* StoryElement.swift */; };
		509C5C5D1D31FBB10045B0AB /* StoryEvent.swift in Sources */ = {isa = PBXBuildFile; fileRef = 509C5C5C1D31FBB10045B0AB /* StoryEvent.swift */; };
		509C5C5F1D3204650045B0AB /* Talk.swift in Sources */ = {isa = PBXBuildFile; fileRef = 509C5C5E1D3204650045B0AB /* Talk.swift */; };
		509C5C611D3220C30045B0AB /* TalkType.swift in Sources */ = {isa = PBXBuildFile; fileRef = 509C5C601D3220C30045B0AB /* TalkType.swift */; };
		509C5C631D3270210045B0AB /* TimePart.swift in Sources */ = {isa = PBXBuildFile; fileRef = 509C5C621D3270210045B0AB /* TimePart.swift */; };
		509C5C661D350D2F0045B0AB /* TimePartTests.swift in Sources */ = {isa = PBXBuildFile; fileRef = 509C5C651D350D2F0045B0AB /* TimePartTests.swift */; };
		50AC41801D7851190093C02D /* StoryWatchingViewController.swift in Sources */ = {isa = PBXBuildFile; fileRef = 50AC417F1D7851190093C02D /* StoryWatchingViewController.swift */; };
		50AF2EB41D1FC20F00337A53 /* Realm.framework in Frameworks */ = {isa = PBXBuildFile; fileRef = 50AF2EB21D1FC20F00337A53 /* Realm.framework */; };
		50AF2EB51D1FC20F00337A53 /* RealmSwift.framework in Frameworks */ = {isa = PBXBuildFile; fileRef = 50AF2EB31D1FC20F00337A53 /* RealmSwift.framework */; };
		50AF2EB81D1FC45700337A53 /* Workspace.swift in Sources */ = {isa = PBXBuildFile; fileRef = 50AF2EB71D1FC45700337A53 /* Workspace.swift */; };
		50B24E1E1CF8734F0035D573 /* ArchiveToJSON.swift in Sources */ = {isa = PBXBuildFile; fileRef = 50B24E1D1CF8734F0035D573 /* ArchiveToJSON.swift */; };
		50B351031D35181100829BD0 /* StoryEventTests.swift in Sources */ = {isa = PBXBuildFile; fileRef = 50B351021D35181100829BD0 /* StoryEventTests.swift */; };
		50BAC3591D448A9B008D366C /* StoryWatchingViewModelTests.swift in Sources */ = {isa = PBXBuildFile; fileRef = 50BAC3581D448A9B008D366C /* StoryWatchingViewModelTests.swift */; };
		50F9F2391D74787100278F48 /* StoryWatching.storyboard in Resources */ = {isa = PBXBuildFile; fileRef = 50F9F2381D74787100278F48 /* StoryWatching.storyboard */; };
		50F9F2401D77172300278F48 /* StoryEventTableViewCell.swift in Sources */ = {isa = PBXBuildFile; fileRef = 50F9F23F1D77172300278F48 /* StoryEventTableViewCell.swift */; };
/* End PBXBuildFile section */

/* Begin PBXContainerItemProxy section */
		5045BD221CDED11500A8A0FA /* PBXContainerItemProxy */ = {
			isa = PBXContainerItemProxy;
			containerPortal = 5045BD051CDED11400A8A0FA /* Project object */;
			proxyType = 1;
			remoteGlobalIDString = 5045BD0C1CDED11400A8A0FA;
			remoteInfo = Moltonf;
		};
/* End PBXContainerItemProxy section */

/* Begin PBXFileReference section */
		501F954A1CE61CA700628E29 /* ArchiveSchema.swift */ = {isa = PBXFileReference; fileEncoding = 4; lastKnownFileType = sourcecode.swift; path = ArchiveSchema.swift; sourceTree = "<group>"; };
		501F954E1CE9B77E00628E29 /* XMLPullitic.framework */ = {isa = PBXFileReference; lastKnownFileType = wrapper.framework; name = XMLPullitic.framework; path = Carthage/Build/iOS/XMLPullitic.framework; sourceTree = "<group>"; };
		501F95501CEB440400628E29 /* ArchiveConstants.swift */ = {isa = PBXFileReference; fileEncoding = 4; lastKnownFileType = sourcecode.swift; path = ArchiveConstants.swift; sourceTree = "<group>"; };
		5025EFE01CDF15A70032AD67 /* WorkspaceList.storyboard */ = {isa = PBXFileReference; fileEncoding = 4; lastKnownFileType = file.storyboard; path = WorkspaceList.storyboard; sourceTree = "<group>"; };
		5025EFE21CDF16530032AD67 /* WorkspaceListViewController.swift */ = {isa = PBXFileReference; fileEncoding = 4; lastKnownFileType = sourcecode.swift; path = WorkspaceListViewController.swift; sourceTree = "<group>"; };
		5025EFE61CDF17470032AD67 /* WorkspaceListViewModel.swift */ = {isa = PBXFileReference; fileEncoding = 4; lastKnownFileType = sourcecode.swift; path = WorkspaceListViewModel.swift; sourceTree = "<group>"; };
		5025EFE91CDF689E0032AD67 /* WorkspaceStore.swift */ = {isa = PBXFileReference; fileEncoding = 4; lastKnownFileType = sourcecode.swift; path = WorkspaceStore.swift; sourceTree = "<group>"; };
		5025EFEB1CDF6F900032AD67 /* Message.swift */ = {isa = PBXFileReference; fileEncoding = 4; lastKnownFileType = sourcecode.swift; path = Message.swift; sourceTree = "<group>"; };
		5025EFED1CDF7EFD0032AD67 /* MessageSlot.swift */ = {isa = PBXFileReference; fileEncoding = 4; lastKnownFileType = sourcecode.swift; path = MessageSlot.swift; sourceTree = "<group>"; };
		5025EFF01CE0D50C0032AD67 /* ActionObserver.swift */ = {isa = PBXFileReference; fileEncoding = 4; lastKnownFileType = sourcecode.swift; path = ActionObserver.swift; sourceTree = "<group>"; };
		5025EFF21CE15FD30032AD67 /* TransitionMessage.swift */ = {isa = PBXFileReference; fileEncoding = 4; lastKnownFileType = sourcecode.swift; path = TransitionMessage.swift; sourceTree = "<group>"; };
		5025EFF41CE160580032AD67 /* ViewModel.swift */ = {isa = PBXFileReference; fileEncoding = 4; lastKnownFileType = sourcecode.swift; path = ViewModel.swift; sourceTree = "<group>"; };
		5025EFF61CE161470032AD67 /* SelectArchiveFileViewModel.swift */ = {isa = PBXFileReference; fileEncoding = 4; lastKnownFileType = sourcecode.swift; path = SelectArchiveFileViewModel.swift; sourceTree = "<group>"; };
		5025EFF81CE1EFFB0032AD67 /* FileList.swift */ = {isa = PBXFileReference; fileEncoding = 4; lastKnownFileType = sourcecode.swift; path = FileList.swift; sourceTree = "<group>"; };
		5025EFFA1CE1FEF70032AD67 /* SelectArchiveFile.storyboard */ = {isa = PBXFileReference; fileEncoding = 4; lastKnownFileType = file.storyboard; path = SelectArchiveFile.storyboard; sourceTree = "<group>"; };
		5025EFFC1CE1FFD90032AD67 /* SelectArchiveFileListViewController.swift */ = {isa = PBXFileReference; fileEncoding = 4; lastKnownFileType = sourcecode.swift; path = SelectArchiveFileListViewController.swift; sourceTree = "<group>"; };
		5025EFFE1CE2139B0032AD67 /* DismissingMessage.swift */ = {isa = PBXFileReference; fileEncoding = 4; lastKnownFileType = sourcecode.swift; path = DismissingMessage.swift; sourceTree = "<group>"; };
		503AC7291CEDD8A500A379AB /* ArchiveToJSONTests.swift */ = {isa = PBXFileReference; fileEncoding = 4; lastKnownFileType = sourcecode.swift; path = ArchiveToJSONTests.swift; sourceTree = "<group>"; };
		503AC72B1CEDDCA700A379AB /* jin_wolff_00000.xml */ = {isa = PBXFileReference; fileEncoding = 4; lastKnownFileType = text.xml; path = jin_wolff_00000.xml; sourceTree = "<group>"; };
		5045BD0D1CDED11400A8A0FA /* Moltonf.app */ = {isa = PBXFileReference; explicitFileType = wrapper.application; includeInIndex = 0; path = Moltonf.app; sourceTree = BUILT_PRODUCTS_DIR; };
		5045BD101CDED11500A8A0FA /* AppDelegate.swift */ = {isa = PBXFileReference; lastKnownFileType = sourcecode.swift; path = AppDelegate.swift; sourceTree = "<group>"; };
		5045BD171CDED11500A8A0FA /* Assets.xcassets */ = {isa = PBXFileReference; lastKnownFileType = folder.assetcatalog; path = Assets.xcassets; sourceTree = "<group>"; };
		5045BD1A1CDED11500A8A0FA /* Base */ = {isa = PBXFileReference; lastKnownFileType = file.storyboard; name = Base; path = Base.lproj/LaunchScreen.storyboard; sourceTree = "<group>"; };
		5045BD1C1CDED11500A8A0FA /* Info.plist */ = {isa = PBXFileReference; lastKnownFileType = text.plist.xml; path = Info.plist; sourceTree = "<group>"; };
		5045BD211CDED11500A8A0FA /* MoltonfTests.xctest */ = {isa = PBXFileReference; explicitFileType = wrapper.cfbundle; includeInIndex = 0; path = MoltonfTests.xctest; sourceTree = BUILT_PRODUCTS_DIR; };
		5045BD271CDED11500A8A0FA /* Info.plist */ = {isa = PBXFileReference; lastKnownFileType = text.plist.xml; path = Info.plist; sourceTree = "<group>"; };
		5045BD321CDEDE2E00A8A0FA /* RxCocoa.framework */ = {isa = PBXFileReference; lastKnownFileType = wrapper.framework; name = RxCocoa.framework; path = Carthage/Build/iOS/RxCocoa.framework; sourceTree = "<group>"; };
		5045BD341CDEDE3200A8A0FA /* RxSwift.framework */ = {isa = PBXFileReference; lastKnownFileType = wrapper.framework; name = RxSwift.framework; path = Carthage/Build/iOS/RxSwift.framework; sourceTree = "<group>"; };
		504D703D1D37AEE5004DC566 /* TalkTests.swift */ = {isa = PBXFileReference; fileEncoding = 4; lastKnownFileType = sourcecode.swift; path = TalkTests.swift; sourceTree = "<group>"; };
		504D703F1D39B981004DC566 /* PeriodTests.swift */ = {isa = PBXFileReference; fileEncoding = 4; lastKnownFileType = sourcecode.swift; path = PeriodTests.swift; sourceTree = "<group>"; };
		504D70411D39BFAC004DC566 /* StoryTests.swift */ = {isa = PBXFileReference; fileEncoding = 4; lastKnownFileType = sourcecode.swift; path = StoryTests.swift; sourceTree = "<group>"; };
		504D70441D39CCCF004DC566 /* StoryWatching.swift */ = {isa = PBXFileReference; fileEncoding = 4; lastKnownFileType = sourcecode.swift; path = StoryWatching.swift; sourceTree = "<group>"; };
		504D70461D3A0953004DC566 /* WorkspaceDB.swift */ = {isa = PBXFileReference; fileEncoding = 4; lastKnownFileType = sourcecode.swift; path = WorkspaceDB.swift; sourceTree = "<group>"; };
		504D70481D3A0C79004DC566 /* Synchronized.swift */ = {isa = PBXFileReference; fileEncoding = 4; lastKnownFileType = sourcecode.swift; path = Synchronized.swift; sourceTree = "<group>"; };
		504D704B1D3B0D83004DC566 /* StoryWatchingViewModel.swift */ = {isa = PBXFileReference; fileEncoding = 4; lastKnownFileType = sourcecode.swift; path = StoryWatchingViewModel.swift; sourceTree = "<group>"; };
		504D704D1D3B3608004DC566 /* SelectPeriodViewModel.swift */ = {isa = PBXFileReference; fileEncoding = 4; lastKnownFileType = sourcecode.swift; path = SelectPeriodViewModel.swift; sourceTree = "<group>"; };
		504D704F1D3B362E004DC566 /* StoryEventViewModel.swift */ = {isa = PBXFileReference; fileEncoding = 4; lastKnownFileType = sourcecode.swift; path = StoryEventViewModel.swift; sourceTree = "<group>"; };
		504D70511D3B3651004DC566 /* TalkViewModel.swift */ = {isa = PBXFileReference; fileEncoding = 4; lastKnownFileType = sourcecode.swift; path = TalkViewModel.swift; sourceTree = "<group>"; };
		504D70531D3B36D5004DC566 /* StoryElementViewModel.swift */ = {isa = PBXFileReference; fileEncoding = 4; lastKnownFileType = sourcecode.swift; path = StoryElementViewModel.swift; sourceTree = "<group>"; };
		504D70561D3D050F004DC566 /* SelectPeriodViewModelTests.swift */ = {isa = PBXFileReference; fileEncoding = 4; lastKnownFileType = sourcecode.swift; path = SelectPeriodViewModelTests.swift; sourceTree = "<group>"; };
		504D70CE1D4057EB004DC566 /* FulfillObserver.swift */ = {isa = PBXFileReference; fileEncoding = 4; lastKnownFileType = sourcecode.swift; path = FulfillObserver.swift; sourceTree = "<group>"; };
		5052D33F1D026301002B1A17 /* SwiftyJSON.framework */ = {isa = PBXFileReference; lastKnownFileType = wrapper.framework; name = SwiftyJSON.framework; path = Carthage/Build/iOS/SwiftyJSON.framework; sourceTree = "<group>"; };
		509C5C4C1D306FAF0045B0AB /* Story.swift */ = {isa = PBXFileReference; fileEncoding = 4; lastKnownFileType = sourcecode.swift; path = Story.swift; sourceTree = "<group>"; };
		509C5C501D30F59E0045B0AB /* Avatar.swift */ = {isa = PBXFileReference; fileEncoding = 4; lastKnownFileType = sourcecode.swift; path = Avatar.swift; sourceTree = "<group>"; };
		509C5C521D30F99A0045B0AB /* StoryError.swift */ = {isa = PBXFileReference; fileEncoding = 4; lastKnownFileType = sourcecode.swift; path = StoryError.swift; sourceTree = "<group>"; };
		509C5C541D30FD6D0045B0AB /* PeriodType.swift */ = {isa = PBXFileReference; fileEncoding = 4; lastKnownFileType = sourcecode.swift; path = PeriodType.swift; sourceTree = "<group>"; };
		509C5C561D31F5100045B0AB /* EventFamily.swift */ = {isa = PBXFileReference; fileEncoding = 4; lastKnownFileType = sourcecode.swift; path = EventFamily.swift; sourceTree = "<group>"; };
		509C5C581D31F61B0045B0AB /* Period.swift */ = {isa = PBXFileReference; fileEncoding = 4; lastKnownFileType = sourcecode.swift; path = Period.swift; sourceTree = "<group>"; };
		509C5C5A1D31F7A10045B0AB /* StoryElement.swift */ = {isa = PBXFileReference; fileEncoding = 4; lastKnownFileType = sourcecode.swift; path = StoryElement.swift; sourceTree = "<group>"; };
		509C5C5C1D31FBB10045B0AB /* StoryEvent.swift */ = {isa = PBXFileReference; fileEncoding = 4; lastKnownFileType = sourcecode.swift; path = StoryEvent.swift; sourceTree = "<group>"; };
		509C5C5E1D3204650045B0AB /* Talk.swift */ = {isa = PBXFileReference; fileEncoding = 4; lastKnownFileType = sourcecode.swift; path = Talk.swift; sourceTree = "<group>"; };
		509C5C601D3220C30045B0AB /* TalkType.swift */ = {isa = PBXFileReference; fileEncoding = 4; lastKnownFileType = sourcecode.swift; path = TalkType.swift; sourceTree = "<group>"; };
		509C5C621D3270210045B0AB /* TimePart.swift */ = {isa = PBXFileReference; fileEncoding = 4; lastKnownFileType = sourcecode.swift; path = TimePart.swift; sourceTree = "<group>"; };
		509C5C651D350D2F0045B0AB /* TimePartTests.swift */ = {isa = PBXFileReference; fileEncoding = 4; lastKnownFileType = sourcecode.swift; path = TimePartTests.swift; sourceTree = "<group>"; };
		50AC417F1D7851190093C02D /* StoryWatchingViewController.swift */ = {isa = PBXFileReference; fileEncoding = 4; lastKnownFileType = sourcecode.swift; path = StoryWatchingViewController.swift; sourceTree = "<group>"; };
		50AF2EB21D1FC20F00337A53 /* Realm.framework */ = {isa = PBXFileReference; lastKnownFileType = wrapper.framework; name = Realm.framework; path = Carthage/Build/iOS/Realm.framework; sourceTree = "<group>"; };
		50AF2EB31D1FC20F00337A53 /* RealmSwift.framework */ = {isa = PBXFileReference; lastKnownFileType = wrapper.framework; name = RealmSwift.framework; path = Carthage/Build/iOS/RealmSwift.framework; sourceTree = "<group>"; };
		50AF2EB71D1FC45700337A53 /* Workspace.swift */ = {isa = PBXFileReference; fileEncoding = 4; lastKnownFileType = sourcecode.swift; path = Workspace.swift; sourceTree = "<group>"; };
		50B24E1D1CF8734F0035D573 /* ArchiveToJSON.swift */ = {isa = PBXFileReference; fileEncoding = 4; lastKnownFileType = sourcecode.swift; path = ArchiveToJSON.swift; sourceTree = "<group>"; };
		50B24E1F1CF95D280035D573 /* bbsArchive-110421.xsd */ = {isa = PBXFileReference; fileEncoding = 4; lastKnownFileType = text.xml; path = "bbsArchive-110421.xsd"; sourceTree = "<group>"; };
		50B24E201CF95D280035D573 /* coreType-090929.xsd */ = {isa = PBXFileReference; fileEncoding = 4; lastKnownFileType = text.xml; path = "coreType-090929.xsd"; sourceTree = "<group>"; };
		50B24E211CF95D280035D573 /* coreXML-090929.xsd */ = {isa = PBXFileReference; fileEncoding = 4; lastKnownFileType = text.xml; path = "coreXML-090929.xsd"; sourceTree = "<group>"; };
		50B351021D35181100829BD0 /* StoryEventTests.swift */ = {isa = PBXFileReference; fileEncoding = 4; lastKnownFileType = sourcecode.swift; path = StoryEventTests.swift; sourceTree = "<group>"; };
		50BAC3581D448A9B008D366C /* StoryWatchingViewModelTests.swift */ = {isa = PBXFileReference; fileEncoding = 4; lastKnownFileType = sourcecode.swift; path = StoryWatchingViewModelTests.swift; sourceTree = "<group>"; };
		50F9F2381D74787100278F48 /* StoryWatching.storyboard */ = {isa = PBXFileReference; fileEncoding = 4; lastKnownFileType = file.storyboard; path = StoryWatching.storyboard; sourceTree = "<group>"; };
		50F9F23F1D77172300278F48 /* StoryEventTableViewCell.swift */ = {isa = PBXFileReference; fileEncoding = 4; lastKnownFileType = sourcecode.swift; path = StoryEventTableViewCell.swift; sourceTree = "<group>"; };
/* End PBXFileReference section */

/* Begin PBXFrameworksBuildPhase section */
		5045BD0A1CDED11400A8A0FA /* Frameworks */ = {
			isa = PBXFrameworksBuildPhase;
			buildActionMask = 2147483647;
			files = (
				50AF2EB41D1FC20F00337A53 /* Realm.framework in Frameworks */,
				50AF2EB51D1FC20F00337A53 /* RealmSwift.framework in Frameworks */,
				5045BD331CDEDE2E00A8A0FA /* RxCocoa.framework in Frameworks */,
				5045BD351CDEDE3200A8A0FA /* RxSwift.framework in Frameworks */,
				5052D3401D026301002B1A17 /* SwiftyJSON.framework in Frameworks */,
				501F954F1CE9B77E00628E29 /* XMLPullitic.framework in Frameworks */,
			);
			runOnlyForDeploymentPostprocessing = 0;
		};
		5045BD1E1CDED11500A8A0FA /* Frameworks */ = {
			isa = PBXFrameworksBuildPhase;
			buildActionMask = 2147483647;
			files = (
			);
			runOnlyForDeploymentPostprocessing = 0;
		};
/* End PBXFrameworksBuildPhase section */

/* Begin PBXGroup section */
		501F95471CE61C5600628E29 /* Archive */ = {
			isa = PBXGroup;
			children = (
				50B24E251CF95E9A0035D573 /* Schema */,
				501F95501CEB440400628E29 /* ArchiveConstants.swift */,
				501F954A1CE61CA700628E29 /* ArchiveSchema.swift */,
				50B24E1D1CF8734F0035D573 /* ArchiveToJSON.swift */,
			);
			path = Archive;
			sourceTree = "<group>";
		};
		5025EFDC1CDF15090032AD67 /* View */ = {
			isa = PBXGroup;
			children = (
				5067A9D41CE49F670079E3DA /* Storyboard */,
				5025EFFC1CE1FFD90032AD67 /* SelectArchiveFileListViewController.swift */,
				50F9F23F1D77172300278F48 /* StoryEventTableViewCell.swift */,
				50AC417F1D7851190093C02D /* StoryWatchingViewController.swift */,
				5025EFE21CDF16530032AD67 /* WorkspaceListViewController.swift */,
			);
			path = View;
			sourceTree = "<group>";
		};
		5025EFDD1CDF150F0032AD67 /* AppFramework */ = {
			isa = PBXGroup;
			children = (
				5067A9D51CE4A0C10079E3DA /* Message */,
				5025EFF01CE0D50C0032AD67 /* ActionObserver.swift */,
				5025EFEB1CDF6F900032AD67 /* Message.swift */,
				5025EFED1CDF7EFD0032AD67 /* MessageSlot.swift */,
				5025EFF41CE160580032AD67 /* ViewModel.swift */,
			);
			path = AppFramework;
			sourceTree = "<group>";
		};
		5025EFE41CDF16800032AD67 /* ViewModel */ = {
			isa = PBXGroup;
			children = (
				5025EFF61CE161470032AD67 /* SelectArchiveFileViewModel.swift */,
				504D704D1D3B3608004DC566 /* SelectPeriodViewModel.swift */,
				504D70531D3B36D5004DC566 /* StoryElementViewModel.swift */,
				504D704F1D3B362E004DC566 /* StoryEventViewModel.swift */,
				504D704B1D3B0D83004DC566 /* StoryWatchingViewModel.swift */,
				504D70511D3B3651004DC566 /* TalkViewModel.swift */,
				5025EFE61CDF17470032AD67 /* WorkspaceListViewModel.swift */,
			);
			path = ViewModel;
			sourceTree = "<group>";
		};
		5025EFE51CDF16890032AD67 /* Model */ = {
			isa = PBXGroup;
			children = (
				501F95471CE61C5600628E29 /* Archive */,
				509C5C4B1D306F830045B0AB /* Story */,
				50AF2EB61D1FC3CC00337A53 /* Workspace */,
				5025EFF81CE1EFFB0032AD67 /* FileList.swift */,
				504D70441D39CCCF004DC566 /* StoryWatching.swift */,
				5025EFE91CDF689E0032AD67 /* WorkspaceStore.swift */,
			);
			path = Model;
			sourceTree = "<group>";
		};
		5045BD041CDED11400A8A0FA = {
			isa = PBXGroup;
			children = (
				5045BD0F1CDED11500A8A0FA /* Moltonf */,
				5045BD241CDED11500A8A0FA /* MoltonfTests */,
				5045BD381CDEDF8300A8A0FA /* Frameworks */,
				5045BD0E1CDED11400A8A0FA /* Products */,
			);
			sourceTree = "<group>";
		};
		5045BD0E1CDED11400A8A0FA /* Products */ = {
			isa = PBXGroup;
			children = (
				5045BD0D1CDED11400A8A0FA /* Moltonf.app */,
				5045BD211CDED11500A8A0FA /* MoltonfTests.xctest */,
			);
			name = Products;
			sourceTree = "<group>";
		};
		5045BD0F1CDED11500A8A0FA /* Moltonf */ = {
			isa = PBXGroup;
			children = (
				5045BD101CDED11500A8A0FA /* AppDelegate.swift */,
				5025EFDC1CDF15090032AD67 /* View */,
				5025EFE41CDF16800032AD67 /* ViewModel */,
				5025EFE51CDF16890032AD67 /* Model */,
				5025EFDD1CDF150F0032AD67 /* AppFramework */,
				504D704A1D3A1954004DC566 /* Utility */,
				5045BD171CDED11500A8A0FA /* Assets.xcassets */,
				5045BD1C1CDED11500A8A0FA /* Info.plist */,
				5045BD191CDED11500A8A0FA /* LaunchScreen.storyboard */,
			);
			path = Moltonf;
			sourceTree = "<group>";
		};
		5045BD241CDED11500A8A0FA /* MoltonfTests */ = {
			isa = PBXGroup;
			children = (
				504D70551D3D04F6004DC566 /* ViewModel */,
				50AF2EAE1D1D291C00337A53 /* Model */,
				504D70CE1D4057EB004DC566 /* FulfillObserver.swift */,
				5045BD271CDED11500A8A0FA /* Info.plist */,
			);
			path = MoltonfTests;
			sourceTree = "<group>";
		};
		5045BD381CDEDF8300A8A0FA /* Frameworks */ = {
			isa = PBXGroup;
			children = (
				50AF2EB21D1FC20F00337A53 /* Realm.framework */,
				50AF2EB31D1FC20F00337A53 /* RealmSwift.framework */,
				5052D33F1D026301002B1A17 /* SwiftyJSON.framework */,
				501F954E1CE9B77E00628E29 /* XMLPullitic.framework */,
				5045BD341CDEDE3200A8A0FA /* RxSwift.framework */,
				5045BD321CDEDE2E00A8A0FA /* RxCocoa.framework */,
			);
			name = Frameworks;
			sourceTree = "<group>";
		};
		504D704A1D3A1954004DC566 /* Utility */ = {
			isa = PBXGroup;
			children = (
				504D70481D3A0C79004DC566 /* Synchronized.swift */,
			);
			path = Utility;
			sourceTree = "<group>";
		};
		504D70551D3D04F6004DC566 /* ViewModel */ = {
			isa = PBXGroup;
			children = (
				504D70561D3D050F004DC566 /* SelectPeriodViewModelTests.swift */,
				50BAC3581D448A9B008D366C /* StoryWatchingViewModelTests.swift */,
			);
			path = ViewModel;
			sourceTree = "<group>";
		};
		5067A9D41CE49F670079E3DA /* Storyboard */ = {
			isa = PBXGroup;
			children = (
				5025EFFA1CE1FEF70032AD67 /* SelectArchiveFile.storyboard */,
				50F9F2381D74787100278F48 /* StoryWatching.storyboard */,
				5025EFE01CDF15A70032AD67 /* WorkspaceList.storyboard */,
			);
			path = Storyboard;
			sourceTree = "<group>";
		};
		5067A9D51CE4A0C10079E3DA /* Message */ = {
			isa = PBXGroup;
			children = (
				5025EFFE1CE2139B0032AD67 /* DismissingMessage.swift */,
				5025EFF21CE15FD30032AD67 /* TransitionMessage.swift */,
			);
			path = Message;
			sourceTree = "<group>";
		};
		509C5C4B1D306F830045B0AB /* Story */ = {
			isa = PBXGroup;
			children = (
				509C5C501D30F59E0045B0AB /* Avatar.swift */,
				509C5C561D31F5100045B0AB /* EventFamily.swift */,
				509C5C581D31F61B0045B0AB /* Period.swift */,
				509C5C541D30FD6D0045B0AB /* PeriodType.swift */,
				509C5C4C1D306FAF0045B0AB /* Story.swift */,
				509C5C5A1D31F7A10045B0AB /* StoryElement.swift */,
				509C5C521D30F99A0045B0AB /* StoryError.swift */,
				509C5C5C1D31FBB10045B0AB /* StoryEvent.swift */,
				509C5C5E1D3204650045B0AB /* Talk.swift */,
				509C5C601D3220C30045B0AB /* TalkType.swift */,
				509C5C621D3270210045B0AB /* TimePart.swift */,
			);
			path = Story;
			sourceTree = "<group>";
		};
		509C5C641D350CF10045B0AB /* Story */ = {
			isa = PBXGroup;
			children = (
				504D703F1D39B981004DC566 /* PeriodTests.swift */,
				50B351021D35181100829BD0 /* StoryEventTests.swift */,
				504D70411D39BFAC004DC566 /* StoryTests.swift */,
				504D703D1D37AEE5004DC566 /* TalkTests.swift */,
				509C5C651D350D2F0045B0AB /* TimePartTests.swift */,
			);
			path = Story;
			sourceTree = "<group>";
		};
		50AF2EAE1D1D291C00337A53 /* Model */ = {
			isa = PBXGroup;
			children = (
				50AF2EB01D1D292A00337A53 /* Archive */,
				509C5C641D350CF10045B0AB /* Story */,
			);
			path = Model;
			sourceTree = "<group>";
		};
		50AF2EB01D1D292A00337A53 /* Archive */ = {
			isa = PBXGroup;
			children = (
				503AC7291CEDD8A500A379AB /* ArchiveToJSONTests.swift */,
				503AC72B1CEDDCA700A379AB /* jin_wolff_00000.xml */,
			);
			path = Archive;
			sourceTree = "<group>";
		};
		50AF2EB61D1FC3CC00337A53 /* Workspace */ = {
			isa = PBXGroup;
			children = (
				50AF2EB71D1FC45700337A53 /* Workspace.swift */,
				504D70461D3A0953004DC566 /* WorkspaceDB.swift */,
			);
			path = Workspace;
			sourceTree = "<group>";
		};
		50B24E251CF95E9A0035D573 /* Schema */ = {
			isa = PBXGroup;
			children = (
				50B24E1F1CF95D280035D573 /* bbsArchive-110421.xsd */,
				50B24E201CF95D280035D573 /* coreType-090929.xsd */,
				50B24E211CF95D280035D573 /* coreXML-090929.xsd */,
			);
			path = Schema;
			sourceTree = "<group>";
		};
/* End PBXGroup section */

/* Begin PBXNativeTarget section */
		5045BD0C1CDED11400A8A0FA /* Moltonf */ = {
			isa = PBXNativeTarget;
			buildConfigurationList = 5045BD2A1CDED11500A8A0FA /* Build configuration list for PBXNativeTarget "Moltonf" */;
			buildPhases = (
				5045BD091CDED11400A8A0FA /* Sources */,
				5045BD0A1CDED11400A8A0FA /* Frameworks */,
				5045BD0B1CDED11400A8A0FA /* Resources */,
				5045BD391CDEDFAD00A8A0FA /* Carthage Copy Frameworks */,
			);
			buildRules = (
			);
			dependencies = (
			);
			name = Moltonf;
			productName = Moltonf;
			productReference = 5045BD0D1CDED11400A8A0FA /* Moltonf.app */;
			productType = "com.apple.product-type.application";
		};
		5045BD201CDED11500A8A0FA /* MoltonfTests */ = {
			isa = PBXNativeTarget;
			buildConfigurationList = 5045BD2D1CDED11500A8A0FA /* Build configuration list for PBXNativeTarget "MoltonfTests" */;
			buildPhases = (
				5045BD1D1CDED11500A8A0FA /* Sources */,
				5045BD1E1CDED11500A8A0FA /* Frameworks */,
				5045BD1F1CDED11500A8A0FA /* Resources */,
			);
			buildRules = (
			);
			dependencies = (
				5045BD231CDED11500A8A0FA /* PBXTargetDependency */,
			);
			name = MoltonfTests;
			productName = MoltonfTests;
			productReference = 5045BD211CDED11500A8A0FA /* MoltonfTests.xctest */;
			productType = "com.apple.product-type.bundle.unit-test";
		};
/* End PBXNativeTarget section */

/* Begin PBXProject section */
		5045BD051CDED11400A8A0FA /* Project object */ = {
			isa = PBXProject;
			attributes = {
				LastSwiftUpdateCheck = 0730;
				LastUpgradeCheck = 0800;
				ORGANIZATIONNAME = hironytic;
				TargetAttributes = {
					5045BD0C1CDED11400A8A0FA = {
						CreatedOnToolsVersion = 7.3.1;
						LastSwiftMigration = 0800;
					};
					5045BD201CDED11500A8A0FA = {
						CreatedOnToolsVersion = 7.3.1;
						LastSwiftMigration = 0800;
						TestTargetID = 5045BD0C1CDED11400A8A0FA;
					};
				};
			};
			buildConfigurationList = 5045BD081CDED11400A8A0FA /* Build configuration list for PBXProject "Moltonf" */;
			compatibilityVersion = "Xcode 3.2";
			developmentRegion = English;
			hasScannedForEncodings = 0;
			knownRegions = (
				en,
				Base,
			);
			mainGroup = 5045BD041CDED11400A8A0FA;
			productRefGroup = 5045BD0E1CDED11400A8A0FA /* Products */;
			projectDirPath = "";
			projectRoot = "";
			targets = (
				5045BD0C1CDED11400A8A0FA /* Moltonf */,
				5045BD201CDED11500A8A0FA /* MoltonfTests */,
			);
		};
/* End PBXProject section */

/* Begin PBXResourcesBuildPhase section */
		5045BD0B1CDED11400A8A0FA /* Resources */ = {
			isa = PBXResourcesBuildPhase;
			buildActionMask = 2147483647;
			files = (
				50F9F2391D74787100278F48 /* StoryWatching.storyboard in Resources */,
				5045BD1B1CDED11500A8A0FA /* LaunchScreen.storyboard in Resources */,
				5025EFFB1CE1FEF70032AD67 /* SelectArchiveFile.storyboard in Resources */,
				5045BD181CDED11500A8A0FA /* Assets.xcassets in Resources */,
				5025EFE11CDF15A70032AD67 /* WorkspaceList.storyboard in Resources */,
			);
			runOnlyForDeploymentPostprocessing = 0;
		};
		5045BD1F1CDED11500A8A0FA /* Resources */ = {
			isa = PBXResourcesBuildPhase;
			buildActionMask = 2147483647;
			files = (
				503AC72C1CEDDCA700A379AB /* jin_wolff_00000.xml in Resources */,
			);
			runOnlyForDeploymentPostprocessing = 0;
		};
/* End PBXResourcesBuildPhase section */

/* Begin PBXShellScriptBuildPhase section */
		5045BD391CDEDFAD00A8A0FA /* Carthage Copy Frameworks */ = {
			isa = PBXShellScriptBuildPhase;
			buildActionMask = 2147483647;
			files = (
			);
			inputPaths = (
				"$(SRCROOT)/Carthage/Build/iOS/RxSwift.framework",
				"$(SRCROOT)/Carthage/Build/iOS/RxCocoa.framework",
				"$(SRCROOT)/Carthage/Build/iOS/XMLPullitic.framework",
				"$(SRCROOT)/Carthage/Build/iOS/SwiftyJSON.framework",
				"$(SRCROOT)/Carthage/Build/iOS/Realm.framework",
				"$(SRCROOT)/Carthage/Build/iOS/RealmSwift.framework",
			);
			name = "Carthage Copy Frameworks";
			outputPaths = (
			);
			runOnlyForDeploymentPostprocessing = 0;
			shellPath = /bin/sh;
			shellScript = "/usr/local/bin/carthage copy-frameworks";
		};
/* End PBXShellScriptBuildPhase section */

/* Begin PBXSourcesBuildPhase section */
		5045BD091CDED11400A8A0FA /* Sources */ = {
			isa = PBXSourcesBuildPhase;
			buildActionMask = 2147483647;
			files = (
				5025EFF71CE161470032AD67 /* SelectArchiveFileViewModel.swift in Sources */,
				50AC41801D7851190093C02D /* StoryWatchingViewController.swift in Sources */,
				509C5C611D3220C30045B0AB /* TalkType.swift in Sources */,
				5025EFFD1CE1FFD90032AD67 /* SelectArchiveFileListViewController.swift in Sources */,
				501F954B1CE61CA700628E29 /* ArchiveSchema.swift in Sources */,
				5045BD111CDED11500A8A0FA /* AppDelegate.swift in Sources */,
				504D70541D3B36D5004DC566 /* StoryElementViewModel.swift in Sources */,
				509C5C591D31F61B0045B0AB /* Period.swift in Sources */,
				5025EFF51CE160580032AD67 /* ViewModel.swift in Sources */,
				509C5C551D30FD6D0045B0AB /* PeriodType.swift in Sources */,
				5025EFF91CE1EFFB0032AD67 /* FileList.swift in Sources */,
				509C5C5B1D31F7A10045B0AB /* StoryElement.swift in Sources */,
				509C5C531D30F99A0045B0AB /* StoryError.swift in Sources */,
				504D70471D3A0953004DC566 /* WorkspaceDB.swift in Sources */,
				5025EFE31CDF16530032AD67 /* WorkspaceListViewController.swift in Sources */,
				504D70501D3B362E004DC566 /* StoryEventViewModel.swift in Sources */,
				50F9F2401D77172300278F48 /* StoryEventTableViewCell.swift in Sources */,
				504D704E1D3B3608004DC566 /* SelectPeriodViewModel.swift in Sources */,
				5025EFF31CE15FD30032AD67 /* TransitionMessage.swift in Sources */,
				5025EFE71CDF17470032AD67 /* WorkspaceListViewModel.swift in Sources */,
				5025EFFF1CE2139B0032AD67 /* DismissingMessage.swift in Sources */,
				501F95511CEB440400628E29 /* ArchiveConstants.swift in Sources */,
				5025EFEC1CDF6F900032AD67 /* Message.swift in Sources */,
				504D70521D3B3651004DC566 /* TalkViewModel.swift in Sources */,
				5025EFF11CE0D50C0032AD67 /* ActionObserver.swift in Sources */,
				509C5C5F1D3204650045B0AB /* Talk.swift in Sources */,
				5025EFEA1CDF689E0032AD67 /* WorkspaceStore.swift in Sources */,
				509C5C5D1D31FBB10045B0AB /* StoryEvent.swift in Sources */,
				5025EFEE1CDF7EFD0032AD67 /* MessageSlot.swift in Sources */,
				50AF2EB81D1FC45700337A53 /* Workspace.swift in Sources */,
				509C5C631D3270210045B0AB /* TimePart.swift in Sources */,
				504D704C1D3B0D83004DC566 /* StoryWatchingViewModel.swift in Sources */,
				509C5C571D31F5100045B0AB /* EventFamily.swift in Sources */,
				504D70491D3A0C79004DC566 /* Synchronized.swift in Sources */,
				504D70451D39CCCF004DC566 /* StoryWatching.swift in Sources */,
				50B24E1E1CF8734F0035D573 /* ArchiveToJSON.swift in Sources */,
				509C5C4D1D306FB00045B0AB /* Story.swift in Sources */,
				509C5C511D30F59E0045B0AB /* Avatar.swift in Sources */,
			);
			runOnlyForDeploymentPostprocessing = 0;
		};
		5045BD1D1CDED11500A8A0FA /* Sources */ = {
			isa = PBXSourcesBuildPhase;
			buildActionMask = 2147483647;
			files = (
				50B351031D35181100829BD0 /* StoryEventTests.swift in Sources */,
				504D70571D3D050F004DC566 /* SelectPeriodViewModelTests.swift in Sources */,
				50BAC3591D448A9B008D366C /* StoryWatchingViewModelTests.swift in Sources */,
				504D70421D39BFAC004DC566 /* StoryTests.swift in Sources */,
				504D703E1D37AEE5004DC566 /* TalkTests.swift in Sources */,
				503AC72A1CEDD8A500A379AB /* ArchiveToJSONTests.swift in Sources */,
				504D70CF1D4057EB004DC566 /* FulfillObserver.swift in Sources */,
				504D70401D39B981004DC566 /* PeriodTests.swift in Sources */,
				509C5C661D350D2F0045B0AB /* TimePartTests.swift in Sources */,
			);
			runOnlyForDeploymentPostprocessing = 0;
		};
/* End PBXSourcesBuildPhase section */

/* Begin PBXTargetDependency section */
		5045BD231CDED11500A8A0FA /* PBXTargetDependency */ = {
			isa = PBXTargetDependency;
			target = 5045BD0C1CDED11400A8A0FA /* Moltonf */;
			targetProxy = 5045BD221CDED11500A8A0FA /* PBXContainerItemProxy */;
		};
/* End PBXTargetDependency section */

/* Begin PBXVariantGroup section */
		5045BD191CDED11500A8A0FA /* LaunchScreen.storyboard */ = {
			isa = PBXVariantGroup;
			children = (
				5045BD1A1CDED11500A8A0FA /* Base */,
			);
			name = LaunchScreen.storyboard;
			sourceTree = "<group>";
		};
/* End PBXVariantGroup section */

/* Begin XCBuildConfiguration section */
		5045BD281CDED11500A8A0FA /* Debug */ = {
			isa = XCBuildConfiguration;
			buildSettings = {
				ALWAYS_SEARCH_USER_PATHS = NO;
				CLANG_ANALYZER_NONNULL = YES;
				CLANG_CXX_LANGUAGE_STANDARD = "gnu++0x";
				CLANG_CXX_LIBRARY = "libc++";
				CLANG_ENABLE_MODULES = YES;
				CLANG_ENABLE_OBJC_ARC = YES;
				CLANG_WARN_BOOL_CONVERSION = YES;
				CLANG_WARN_CONSTANT_CONVERSION = YES;
				CLANG_WARN_DIRECT_OBJC_ISA_USAGE = YES_ERROR;
				CLANG_WARN_EMPTY_BODY = YES;
				CLANG_WARN_ENUM_CONVERSION = YES;
				CLANG_WARN_INFINITE_RECURSION = YES;
				CLANG_WARN_INT_CONVERSION = YES;
				CLANG_WARN_OBJC_ROOT_CLASS = YES_ERROR;
				CLANG_WARN_SUSPICIOUS_MOVE = YES;
				CLANG_WARN_UNREACHABLE_CODE = YES;
				CLANG_WARN__DUPLICATE_METHOD_MATCH = YES;
				"CODE_SIGN_IDENTITY[sdk=iphoneos*]" = "iPhone Developer";
				COPY_PHASE_STRIP = NO;
				DEBUG_INFORMATION_FORMAT = dwarf;
				ENABLE_STRICT_OBJC_MSGSEND = YES;
				ENABLE_TESTABILITY = YES;
				GCC_C_LANGUAGE_STANDARD = gnu99;
				GCC_DYNAMIC_NO_PIC = NO;
				GCC_NO_COMMON_BLOCKS = YES;
				GCC_OPTIMIZATION_LEVEL = 0;
				GCC_PREPROCESSOR_DEFINITIONS = (
					"DEBUG=1",
					"$(inherited)",
				);
				GCC_WARN_64_TO_32_BIT_CONVERSION = YES;
				GCC_WARN_ABOUT_RETURN_TYPE = YES_ERROR;
				GCC_WARN_UNDECLARED_SELECTOR = YES;
				GCC_WARN_UNINITIALIZED_AUTOS = YES_AGGRESSIVE;
				GCC_WARN_UNUSED_FUNCTION = YES;
				GCC_WARN_UNUSED_VARIABLE = YES;
				IPHONEOS_DEPLOYMENT_TARGET = 9.3;
				MTL_ENABLE_DEBUG_INFO = YES;
				ONLY_ACTIVE_ARCH = YES;
				SDKROOT = iphoneos;
				SWIFT_OPTIMIZATION_LEVEL = "-Onone";
				TARGETED_DEVICE_FAMILY = "1,2";
			};
			name = Debug;
		};
		5045BD291CDED11500A8A0FA /* Release */ = {
			isa = XCBuildConfiguration;
			buildSettings = {
				ALWAYS_SEARCH_USER_PATHS = NO;
				CLANG_ANALYZER_NONNULL = YES;
				CLANG_CXX_LANGUAGE_STANDARD = "gnu++0x";
				CLANG_CXX_LIBRARY = "libc++";
				CLANG_ENABLE_MODULES = YES;
				CLANG_ENABLE_OBJC_ARC = YES;
				CLANG_WARN_BOOL_CONVERSION = YES;
				CLANG_WARN_CONSTANT_CONVERSION = YES;
				CLANG_WARN_DIRECT_OBJC_ISA_USAGE = YES_ERROR;
				CLANG_WARN_EMPTY_BODY = YES;
				CLANG_WARN_ENUM_CONVERSION = YES;
				CLANG_WARN_INFINITE_RECURSION = YES;
				CLANG_WARN_INT_CONVERSION = YES;
				CLANG_WARN_OBJC_ROOT_CLASS = YES_ERROR;
				CLANG_WARN_SUSPICIOUS_MOVE = YES;
				CLANG_WARN_UNREACHABLE_CODE = YES;
				CLANG_WARN__DUPLICATE_METHOD_MATCH = YES;
				"CODE_SIGN_IDENTITY[sdk=iphoneos*]" = "iPhone Developer";
				COPY_PHASE_STRIP = NO;
				DEBUG_INFORMATION_FORMAT = "dwarf-with-dsym";
				ENABLE_NS_ASSERTIONS = NO;
				ENABLE_STRICT_OBJC_MSGSEND = YES;
				GCC_C_LANGUAGE_STANDARD = gnu99;
				GCC_NO_COMMON_BLOCKS = YES;
				GCC_WARN_64_TO_32_BIT_CONVERSION = YES;
				GCC_WARN_ABOUT_RETURN_TYPE = YES_ERROR;
				GCC_WARN_UNDECLARED_SELECTOR = YES;
				GCC_WARN_UNINITIALIZED_AUTOS = YES_AGGRESSIVE;
				GCC_WARN_UNUSED_FUNCTION = YES;
				GCC_WARN_UNUSED_VARIABLE = YES;
				IPHONEOS_DEPLOYMENT_TARGET = 9.3;
				MTL_ENABLE_DEBUG_INFO = NO;
				SDKROOT = iphoneos;
				SWIFT_OPTIMIZATION_LEVEL = "-Owholemodule";
				TARGETED_DEVICE_FAMILY = "1,2";
				VALIDATE_PRODUCT = YES;
			};
			name = Release;
		};
		5045BD2B1CDED11500A8A0FA /* Debug */ = {
			isa = XCBuildConfiguration;
			buildSettings = {
				ASSETCATALOG_COMPILER_APPICON_NAME = AppIcon;
				FRAMEWORK_SEARCH_PATHS = (
					"$(inherited)",
					"$(PROJECT_DIR)/Carthage/Build/iOS",
				);
				INFOPLIST_FILE = Moltonf/Info.plist;
				LD_RUNPATH_SEARCH_PATHS = "$(inherited) @executable_path/Frameworks";
				PRODUCT_BUNDLE_IDENTIFIER = com.hironytic.moltonfios;
				PRODUCT_NAME = "$(TARGET_NAME)";
				SWIFT_VERSION = 3.0;
			};
			name = Debug;
		};
		5045BD2C1CDED11500A8A0FA /* Release */ = {
			isa = XCBuildConfiguration;
			buildSettings = {
				ASSETCATALOG_COMPILER_APPICON_NAME = AppIcon;
				FRAMEWORK_SEARCH_PATHS = (
					"$(inherited)",
					"$(PROJECT_DIR)/Carthage/Build/iOS",
				);
				INFOPLIST_FILE = Moltonf/Info.plist;
				LD_RUNPATH_SEARCH_PATHS = "$(inherited) @executable_path/Frameworks";
				PRODUCT_BUNDLE_IDENTIFIER = com.hironytic.moltonfios;
				PRODUCT_NAME = "$(TARGET_NAME)";
				SWIFT_VERSION = 3.0;
			};
			name = Release;
		};
		5045BD2E1CDED11500A8A0FA /* Debug */ = {
			isa = XCBuildConfiguration;
			buildSettings = {
				BUNDLE_LOADER = "$(TEST_HOST)";
				FRAMEWORK_SEARCH_PATHS = (
					"$(inherited)",
					"$(PROJECT_DIR)/Carthage/Build/iOS",
				);
				INFOPLIST_FILE = MoltonfTests/Info.plist;
				LD_RUNPATH_SEARCH_PATHS = "$(inherited) @executable_path/Frameworks @loader_path/Frameworks";
				PRODUCT_BUNDLE_IDENTIFIER = com.hironytic.MoltonfTests;
				PRODUCT_NAME = "$(TARGET_NAME)";
				SWIFT_VERSION = 3.0;
				TEST_HOST = "$(BUILT_PRODUCTS_DIR)/Moltonf.app/Moltonf";
			};
			name = Debug;
		};
		5045BD2F1CDED11500A8A0FA /* Release */ = {
			isa = XCBuildConfiguration;
			buildSettings = {
				BUNDLE_LOADER = "$(TEST_HOST)";
				FRAMEWORK_SEARCH_PATHS = (
					"$(inherited)",
					"$(PROJECT_DIR)/Carthage/Build/iOS",
				);
				INFOPLIST_FILE = MoltonfTests/Info.plist;
				LD_RUNPATH_SEARCH_PATHS = "$(inherited) @executable_path/Frameworks @loader_path/Frameworks";
				PRODUCT_BUNDLE_IDENTIFIER = com.hironytic.MoltonfTests;
				PRODUCT_NAME = "$(TARGET_NAME)";
				SWIFT_VERSION = 3.0;
				TEST_HOST = "$(BUILT_PRODUCTS_DIR)/Moltonf.app/Moltonf";
			};
			name = Release;
		};
/* End XCBuildConfiguration section */

/* Begin XCConfigurationList section */
		5045BD081CDED11400A8A0FA /* Build configuration list for PBXProject "Moltonf" */ = {
			isa = XCConfigurationList;
			buildConfigurations = (
				5045BD281CDED11500A8A0FA /* Debug */,
				5045BD291CDED11500A8A0FA /* Release */,
			);
			defaultConfigurationIsVisible = 0;
			defaultConfigurationName = Release;
		};
		5045BD2A1CDED11500A8A0FA /* Build configuration list for PBXNativeTarget "Moltonf" */ = {
			isa = XCConfigurationList;
			buildConfigurations = (
				5045BD2B1CDED11500A8A0FA /* Debug */,
				5045BD2C1CDED11500A8A0FA /* Release */,
			);
			defaultConfigurationIsVisible = 0;
			defaultConfigurationName = Release;
		};
		5045BD2D1CDED11500A8A0FA /* Build configuration list for PBXNativeTarget "MoltonfTests" */ = {
			isa = XCConfigurationList;
			buildConfigurations = (
				5045BD2E1CDED11500A8A0FA /* Debug */,
				5045BD2F1CDED11500A8A0FA /* Release */,
			);
			defaultConfigurationIsVisible = 0;
			defaultConfigurationName = Release;
		};
/* End XCConfigurationList section */
	};
	rootObject = 5045BD051CDED11400A8A0FA /* Project object */;
}
